// !$*UTF8*$!
{
	archiveVersion = 1;
	classes = {
	};
	objectVersion = 56;
	objects = {

/* Begin PBXBuildFile section */
		2301D6772D4A3A570032B5DF /* MedicineServiceProtocol.swift in Sources */ = {isa = PBXBuildFile; fileRef = 2301D6762D4A3A570032B5DF /* MedicineServiceProtocol.swift */; };
		2301D6792D4A3DE60032B5DF /* FirestoreServiceProtocol {.swift in Sources */ = {isa = PBXBuildFile; fileRef = 2301D6782D4A3DE60032B5DF /* FirestoreServiceProtocol {.swift */; };
		2301D67B2D4A444C0032B5DF /* MedicineRepositoryTests.swift in Sources */ = {isa = PBXBuildFile; fileRef = 2301D67A2D4A444B0032B5DF /* MedicineRepositoryTests.swift */; };
		2301D67D2D4A44850032B5DF /* MockMedicineService.swift in Sources */ = {isa = PBXBuildFile; fileRef = 2301D67C2D4A44850032B5DF /* MockMedicineService.swift */; };
		230B004D2D38201F0037E537 /* Profile.swift in Sources */ = {isa = PBXBuildFile; fileRef = 230B004C2D38201F0037E537 /* Profile.swift */; };
		230CD2032D4BBBCA009C3F05 /* ExtensionFirestore.swift in Sources */ = {isa = PBXBuildFile; fileRef = 230CD2022D4BBBCA009C3F05 /* ExtensionFirestore.swift */; };
		237E0A702D2FFE4500EEC056 /* FirebaseAnalytics in Frameworks */ = {isa = PBXBuildFile; productRef = 237E0A6F2D2FFE4500EEC056 /* FirebaseAnalytics */; };
		237E0A722D2FFE4500EEC056 /* FirebaseAnalyticsOnDeviceConversion in Frameworks */ = {isa = PBXBuildFile; productRef = 237E0A712D2FFE4500EEC056 /* FirebaseAnalyticsOnDeviceConversion */; };
		237E0A742D2FFE4500EEC056 /* FirebaseAnalyticsSwift in Frameworks */ = {isa = PBXBuildFile; productRef = 237E0A732D2FFE4500EEC056 /* FirebaseAnalyticsSwift */; };
		237E0A762D2FFE4500EEC056 /* FirebaseAuth in Frameworks */ = {isa = PBXBuildFile; productRef = 237E0A752D2FFE4500EEC056 /* FirebaseAuth */; };
		237E0A782D2FFE4600EEC056 /* FirebaseAuthCombine-Community in Frameworks */ = {isa = PBXBuildFile; productRef = 237E0A772D2FFE4600EEC056 /* FirebaseAuthCombine-Community */; };
		237E0A7A2D2FFE4600EEC056 /* FirebaseCrashlytics in Frameworks */ = {isa = PBXBuildFile; productRef = 237E0A792D2FFE4600EEC056 /* FirebaseCrashlytics */; };
		237E0A7C2D2FFE4600EEC056 /* FirebaseDatabase in Frameworks */ = {isa = PBXBuildFile; productRef = 237E0A7B2D2FFE4600EEC056 /* FirebaseDatabase */; };
		237E0A7E2D2FFE4600EEC056 /* FirebaseDatabaseSwift in Frameworks */ = {isa = PBXBuildFile; productRef = 237E0A7D2D2FFE4600EEC056 /* FirebaseDatabaseSwift */; };
		237E0A802D2FFE4600EEC056 /* FirebaseFirestore in Frameworks */ = {isa = PBXBuildFile; productRef = 237E0A7F2D2FFE4600EEC056 /* FirebaseFirestore */; };
		237E0A822D2FFE4600EEC056 /* FirebaseFirestoreCombine-Community in Frameworks */ = {isa = PBXBuildFile; productRef = 237E0A812D2FFE4600EEC056 /* FirebaseFirestoreCombine-Community */; };
		237E0A842D2FFE4600EEC056 /* FirebaseFirestoreSwift in Frameworks */ = {isa = PBXBuildFile; productRef = 237E0A832D2FFE4600EEC056 /* FirebaseFirestoreSwift */; };
		237E0A872D300A4F00EEC056 /* User.swift in Sources */ = {isa = PBXBuildFile; fileRef = 237E0A862D300A4F00EEC056 /* User.swift */; };
		237E0A892D300FBB00EEC056 /* AuthViewModel.swift in Sources */ = {isa = PBXBuildFile; fileRef = 237E0A882D300FBB00EEC056 /* AuthViewModel.swift */; };
		237E0A8B2D30320700EEC056 /* MedicineRepository.swift in Sources */ = {isa = PBXBuildFile; fileRef = 237E0A8A2D30320700EEC056 /* MedicineRepository.swift */; };
		23BAC50D2D442059006BD481 /* SessionStoreTests.swift in Sources */ = {isa = PBXBuildFile; fileRef = 23BAC50C2D442059006BD481 /* SessionStoreTests.swift */; };
		23BAC5112D442D49006BD481 /* MockAuthService.swift in Sources */ = {isa = PBXBuildFile; fileRef = 23BAC5102D442D49006BD481 /* MockAuthService.swift */; };
		23FC3B072D478461005A2C34 /* FirebaseFirestore in Frameworks */ = {isa = PBXBuildFile; productRef = 23FC3B062D478461005A2C34 /* FirebaseFirestore */; };
		23FC3B092D4784CD005A2C34 /* FirebaseAuth in Frameworks */ = {isa = PBXBuildFile; productRef = 23FC3B082D4784CD005A2C34 /* FirebaseAuth */; };
		23FD055A2D43C2A20089DB5C /* AuthServiceProtocol.swift in Sources */ = {isa = PBXBuildFile; fileRef = 23FD05592D43C2A20089DB5C /* AuthServiceProtocol.swift */; };
		23FD055D2D43C5A80089DB5C /* FirebaseAuthService.swift in Sources */ = {isa = PBXBuildFile; fileRef = 23FD055C2D43C5A80089DB5C /* FirebaseAuthService.swift */; };
		53E0D8972C06084700DE1134 /* MediStockApp.swift in Sources */ = {isa = PBXBuildFile; fileRef = 53E0D8962C06084700DE1134 /* MediStockApp.swift */; };
		53E0D8992C06084700DE1134 /* AuthenticationManagerView.swift in Sources */ = {isa = PBXBuildFile; fileRef = 53E0D8982C06084700DE1134 /* AuthenticationManagerView.swift */; };
		53E0D89B2C06084900DE1134 /* Assets.xcassets in Resources */ = {isa = PBXBuildFile; fileRef = 53E0D89A2C06084900DE1134 /* Assets.xcassets */; };
		53E0D89E2C06084900DE1134 /* Preview Assets.xcassets in Resources */ = {isa = PBXBuildFile; fileRef = 53E0D89D2C06084900DE1134 /* Preview Assets.xcassets */; };
		53E0D8D82C06097900DE1134 /* LoginView.swift in Sources */ = {isa = PBXBuildFile; fileRef = 53E0D8D72C06097900DE1134 /* LoginView.swift */; };
		53E0D8DA2C06098F00DE1134 /* MedicineListView.swift in Sources */ = {isa = PBXBuildFile; fileRef = 53E0D8D92C06098F00DE1134 /* MedicineListView.swift */; };
		53E0D8DC2C06099C00DE1134 /* Medicine.swift in Sources */ = {isa = PBXBuildFile; fileRef = 53E0D8DB2C06099C00DE1134 /* Medicine.swift */; };
		53E0D8DE2C0609A800DE1134 /* MedicineStockViewModel.swift in Sources */ = {isa = PBXBuildFile; fileRef = 53E0D8DD2C0609A800DE1134 /* MedicineStockViewModel.swift */; };
		53E0D8E02C0609B900DE1134 /* SessionStore.swift in Sources */ = {isa = PBXBuildFile; fileRef = 53E0D8DF2C0609B900DE1134 /* SessionStore.swift */; };
		53E0D8E22C065FFE00DE1134 /* AppDelegate.swift in Sources */ = {isa = PBXBuildFile; fileRef = 53E0D8E12C065FFE00DE1134 /* AppDelegate.swift */; };
		53E0D8E42C0660FD00DE1134 /* GoogleService-Info.plist in Resources */ = {isa = PBXBuildFile; fileRef = 53E0D8E32C0660FD00DE1134 /* GoogleService-Info.plist */; };
		53E0D8E62C066F4100DE1134 /* AisleListView.swift in Sources */ = {isa = PBXBuildFile; fileRef = 53E0D8E52C066F4100DE1134 /* AisleListView.swift */; };
		53E0D8E82C066F6500DE1134 /* MedicineDetailView.swift in Sources */ = {isa = PBXBuildFile; fileRef = 53E0D8E72C066F6500DE1134 /* MedicineDetailView.swift */; };
		53E0D8EA2C066F7A00DE1134 /* HistoryEntry.swift in Sources */ = {isa = PBXBuildFile; fileRef = 53E0D8E92C066F7A00DE1134 /* HistoryEntry.swift */; };
		53E0D8EC2C06717200DE1134 /* MainTabView.swift in Sources */ = {isa = PBXBuildFile; fileRef = 53E0D8EB2C06717200DE1134 /* MainTabView.swift */; };
		53E0D8EE2C06718100DE1134 /* AllMedicinesView.swift in Sources */ = {isa = PBXBuildFile; fileRef = 53E0D8ED2C06718100DE1134 /* AllMedicinesView.swift */; };
/* End PBXBuildFile section */

/* Begin PBXContainerItemProxy section */
		23FD056B2D440E490089DB5C /* PBXContainerItemProxy */ = {
			isa = PBXContainerItemProxy;
			containerPortal = 53E0D88B2C06084700DE1134 /* Project object */;
			proxyType = 1;
			remoteGlobalIDString = 53E0D8922C06084700DE1134;
			remoteInfo = pack;
		};
/* End PBXContainerItemProxy section */

/* Begin PBXFileReference section */
		2301D6762D4A3A570032B5DF /* MedicineServiceProtocol.swift */ = {isa = PBXFileReference; lastKnownFileType = sourcecode.swift; path = MedicineServiceProtocol.swift; sourceTree = "<group>"; };
		2301D6782D4A3DE60032B5DF /* FirestoreServiceProtocol {.swift */ = {isa = PBXFileReference; lastKnownFileType = sourcecode.swift; path = "FirestoreServiceProtocol {.swift"; sourceTree = "<group>"; };
		2301D67A2D4A444B0032B5DF /* MedicineRepositoryTests.swift */ = {isa = PBXFileReference; lastKnownFileType = sourcecode.swift; path = MedicineRepositoryTests.swift; sourceTree = "<group>"; };
		2301D67C2D4A44850032B5DF /* MockMedicineService.swift */ = {isa = PBXFileReference; lastKnownFileType = sourcecode.swift; path = MockMedicineService.swift; sourceTree = "<group>"; };
		230B004C2D38201F0037E537 /* Profile.swift */ = {isa = PBXFileReference; lastKnownFileType = sourcecode.swift; path = Profile.swift; sourceTree = "<group>"; };
		230CD2022D4BBBCA009C3F05 /* ExtensionFirestore.swift */ = {isa = PBXFileReference; lastKnownFileType = sourcecode.swift; path = ExtensionFirestore.swift; sourceTree = "<group>"; };
		237E0A862D300A4F00EEC056 /* User.swift */ = {isa = PBXFileReference; lastKnownFileType = sourcecode.swift; path = User.swift; sourceTree = "<group>"; };
		237E0A882D300FBB00EEC056 /* AuthViewModel.swift */ = {isa = PBXFileReference; lastKnownFileType = sourcecode.swift; path = AuthViewModel.swift; sourceTree = "<group>"; };
		237E0A8A2D30320700EEC056 /* MedicineRepository.swift */ = {isa = PBXFileReference; lastKnownFileType = sourcecode.swift; path = MedicineRepository.swift; sourceTree = "<group>"; };
		23BAC50C2D442059006BD481 /* SessionStoreTests.swift */ = {isa = PBXFileReference; lastKnownFileType = sourcecode.swift; path = SessionStoreTests.swift; sourceTree = "<group>"; };
		23BAC5102D442D49006BD481 /* MockAuthService.swift */ = {isa = PBXFileReference; lastKnownFileType = sourcecode.swift; path = MockAuthService.swift; sourceTree = "<group>"; };
		23BAC5142D443117006BD481 /* pack.app */ = {isa = PBXFileReference; explicitFileType = wrapper.application; includeInIndex = 0; path = pack.app; sourceTree = BUILT_PRODUCTS_DIR; };
		23FC3B052D4773D7005A2C34 /* MediStockTests.xctest */ = {isa = PBXFileReference; explicitFileType = wrapper.cfbundle; includeInIndex = 0; path = MediStockTests.xctest; sourceTree = BUILT_PRODUCTS_DIR; };
		23FD05592D43C2A20089DB5C /* AuthServiceProtocol.swift */ = {isa = PBXFileReference; lastKnownFileType = sourcecode.swift; path = AuthServiceProtocol.swift; sourceTree = "<group>"; };
		23FD055C2D43C5A80089DB5C /* FirebaseAuthService.swift */ = {isa = PBXFileReference; lastKnownFileType = sourcecode.swift; path = FirebaseAuthService.swift; sourceTree = "<group>"; };
		53E0D8962C06084700DE1134 /* MediStockApp.swift */ = {isa = PBXFileReference; lastKnownFileType = sourcecode.swift; path = MediStockApp.swift; sourceTree = "<group>"; };
		53E0D8982C06084700DE1134 /* AuthenticationManagerView.swift */ = {isa = PBXFileReference; lastKnownFileType = sourcecode.swift; path = AuthenticationManagerView.swift; sourceTree = "<group>"; };
		53E0D89A2C06084900DE1134 /* Assets.xcassets */ = {isa = PBXFileReference; lastKnownFileType = folder.assetcatalog; path = Assets.xcassets; sourceTree = "<group>"; };
		53E0D89D2C06084900DE1134 /* Preview Assets.xcassets */ = {isa = PBXFileReference; lastKnownFileType = folder.assetcatalog; path = "Preview Assets.xcassets"; sourceTree = "<group>"; };
		53E0D8D72C06097900DE1134 /* LoginView.swift */ = {isa = PBXFileReference; lastKnownFileType = sourcecode.swift; path = LoginView.swift; sourceTree = "<group>"; };
		53E0D8D92C06098F00DE1134 /* MedicineListView.swift */ = {isa = PBXFileReference; lastKnownFileType = sourcecode.swift; path = MedicineListView.swift; sourceTree = "<group>"; };
		53E0D8DB2C06099C00DE1134 /* Medicine.swift */ = {isa = PBXFileReference; lastKnownFileType = sourcecode.swift; path = Medicine.swift; sourceTree = "<group>"; };
		53E0D8DD2C0609A800DE1134 /* MedicineStockViewModel.swift */ = {isa = PBXFileReference; lastKnownFileType = sourcecode.swift; path = MedicineStockViewModel.swift; sourceTree = "<group>"; };
		53E0D8DF2C0609B900DE1134 /* SessionStore.swift */ = {isa = PBXFileReference; lastKnownFileType = sourcecode.swift; path = SessionStore.swift; sourceTree = "<group>"; };
		53E0D8E12C065FFE00DE1134 /* AppDelegate.swift */ = {isa = PBXFileReference; lastKnownFileType = sourcecode.swift; path = AppDelegate.swift; sourceTree = "<group>"; };
		53E0D8E32C0660FD00DE1134 /* GoogleService-Info.plist */ = {isa = PBXFileReference; fileEncoding = 4; lastKnownFileType = text.plist.xml; path = "GoogleService-Info.plist"; sourceTree = "<group>"; };
		53E0D8E52C066F4100DE1134 /* AisleListView.swift */ = {isa = PBXFileReference; lastKnownFileType = sourcecode.swift; path = AisleListView.swift; sourceTree = "<group>"; };
		53E0D8E72C066F6500DE1134 /* MedicineDetailView.swift */ = {isa = PBXFileReference; lastKnownFileType = sourcecode.swift; path = MedicineDetailView.swift; sourceTree = "<group>"; };
		53E0D8E92C066F7A00DE1134 /* HistoryEntry.swift */ = {isa = PBXFileReference; lastKnownFileType = sourcecode.swift; path = HistoryEntry.swift; sourceTree = "<group>"; };
		53E0D8EB2C06717200DE1134 /* MainTabView.swift */ = {isa = PBXFileReference; lastKnownFileType = sourcecode.swift; path = MainTabView.swift; sourceTree = "<group>"; };
		53E0D8ED2C06718100DE1134 /* AllMedicinesView.swift */ = {isa = PBXFileReference; lastKnownFileType = sourcecode.swift; path = AllMedicinesView.swift; sourceTree = "<group>"; };
/* End PBXFileReference section */

/* Begin PBXFrameworksBuildPhase section */
		23FD05642D440E480089DB5C /* Frameworks */ = {
			isa = PBXFrameworksBuildPhase;
			buildActionMask = 2147483647;
			files = (
				23FC3B072D478461005A2C34 /* FirebaseFirestore in Frameworks */,
				23FC3B092D4784CD005A2C34 /* FirebaseAuth in Frameworks */,
			);
			runOnlyForDeploymentPostprocessing = 0;
		};
		53E0D8902C06084700DE1134 /* Frameworks */ = {
			isa = PBXFrameworksBuildPhase;
			buildActionMask = 2147483647;
			files = (
				237E0A7E2D2FFE4600EEC056 /* FirebaseDatabaseSwift in Frameworks */,
				237E0A742D2FFE4500EEC056 /* FirebaseAnalyticsSwift in Frameworks */,
				237E0A702D2FFE4500EEC056 /* FirebaseAnalytics in Frameworks */,
				237E0A822D2FFE4600EEC056 /* FirebaseFirestoreCombine-Community in Frameworks */,
				237E0A722D2FFE4500EEC056 /* FirebaseAnalyticsOnDeviceConversion in Frameworks */,
				237E0A842D2FFE4600EEC056 /* FirebaseFirestoreSwift in Frameworks */,
				237E0A7A2D2FFE4600EEC056 /* FirebaseCrashlytics in Frameworks */,
				237E0A802D2FFE4600EEC056 /* FirebaseFirestore in Frameworks */,
				237E0A762D2FFE4500EEC056 /* FirebaseAuth in Frameworks */,
				237E0A7C2D2FFE4600EEC056 /* FirebaseDatabase in Frameworks */,
				237E0A782D2FFE4600EEC056 /* FirebaseAuthCombine-Community in Frameworks */,
			);
			runOnlyForDeploymentPostprocessing = 0;
		};
/* End PBXFrameworksBuildPhase section */

/* Begin PBXGroup section */
		2301D6752D4A39100032B5DF /* Medicine */ = {
			isa = PBXGroup;
			children = (
				237E0A8A2D30320700EEC056 /* MedicineRepository.swift */,
				2301D6782D4A3DE60032B5DF /* FirestoreServiceProtocol {.swift */,
			);
			path = Medicine;
			sourceTree = "<group>";
		};
		230CD2012D4BBB59009C3F05 /* Extension */ = {
			isa = PBXGroup;
			children = (
				230CD2022D4BBBCA009C3F05 /* ExtensionFirestore.swift */,
			);
			path = Extension;
			sourceTree = "<group>";
		};
		237E0A6E2D2FFE4500EEC056 /* Frameworks */ = {
			isa = PBXGroup;
			children = (
			);
			name = Frameworks;
			sourceTree = "<group>";
		};
		237E0A852D3008C800EEC056 /* Service */ = {
			isa = PBXGroup;
			children = (
				2301D6752D4A39100032B5DF /* Medicine */,
				23FD055B2D43C5690089DB5C /* Auth */,
			);
			path = Service;
			sourceTree = "<group>";
		};
		23A693A12D4821ED00B74332 /* ViewModel */ = {
			isa = PBXGroup;
			children = (
			);
			path = ViewModel;
			sourceTree = "<group>";
		};
		23BAC50B2D442028006BD481 /* Model */ = {
			isa = PBXGroup;
			children = (
				23BAC50C2D442059006BD481 /* SessionStoreTests.swift */,
				2301D67A2D4A444B0032B5DF /* MedicineRepositoryTests.swift */,
			);
			path = Model;
			sourceTree = "<group>";
		};
		23F6C9962D2FBCF700CD0A42 /* Model */ = {
			isa = PBXGroup;
			children = (
				230CD2012D4BBB59009C3F05 /* Extension */,
				23FD05582D43C2650089DB5C /* Protocols */,
				237E0A852D3008C800EEC056 /* Service */,
				53E0D8E92C066F7A00DE1134 /* HistoryEntry.swift */,
				53E0D8DB2C06099C00DE1134 /* Medicine.swift */,
				237E0A862D300A4F00EEC056 /* User.swift */,
			);
			path = Model;
			sourceTree = "<group>";
		};
		23F6C9972D2FBD1300CD0A42 /* ViewModel */ = {
			isa = PBXGroup;
			children = (
				53E0D8DD2C0609A800DE1134 /* MedicineStockViewModel.swift */,
				237E0A882D300FBB00EEC056 /* AuthViewModel.swift */,
			);
			path = ViewModel;
			sourceTree = "<group>";
		};
		23F6C9982D2FBD3000CD0A42 /* View */ = {
			isa = PBXGroup;
			children = (
				53E0D8982C06084700DE1134 /* AuthenticationManagerView.swift */,
				53E0D8ED2C06718100DE1134 /* AllMedicinesView.swift */,
				53E0D8EB2C06717200DE1134 /* MainTabView.swift */,
				53E0D8E72C066F6500DE1134 /* MedicineDetailView.swift */,
				53E0D8E52C066F4100DE1134 /* AisleListView.swift */,
				53E0D8D92C06098F00DE1134 /* MedicineListView.swift */,
				53E0D8D72C06097900DE1134 /* LoginView.swift */,
				230B004C2D38201F0037E537 /* Profile.swift */,
			);
			path = View;
			sourceTree = "<group>";
		};
		23FC3B0A2D47CBA0005A2C34 /* Extension */ = {
			isa = PBXGroup;
			children = (
			);
			path = Extension;
			sourceTree = "<group>";
		};
		23FD05582D43C2650089DB5C /* Protocols */ = {
			isa = PBXGroup;
			children = (
				23FD05592D43C2A20089DB5C /* AuthServiceProtocol.swift */,
				2301D6762D4A3A570032B5DF /* MedicineServiceProtocol.swift */,
			);
			path = Protocols;
			sourceTree = "<group>";
		};
		23FD055B2D43C5690089DB5C /* Auth */ = {
			isa = PBXGroup;
			children = (
				53E0D8DF2C0609B900DE1134 /* SessionStore.swift */,
				23FD055C2D43C5A80089DB5C /* FirebaseAuthService.swift */,
			);
			path = Auth;
			sourceTree = "<group>";
		};
		23FD05682D440E490089DB5C /* MediStockTests */ = {
			isa = PBXGroup;
			children = (
				23A693A12D4821ED00B74332 /* ViewModel */,
				23FC3B0A2D47CBA0005A2C34 /* Extension */,
				23BAC50B2D442028006BD481 /* Model */,
				23FD05702D440E6C0089DB5C /* Mocks */,
			);
			path = MediStockTests;
			sourceTree = "<group>";
		};
		23FD05702D440E6C0089DB5C /* Mocks */ = {
			isa = PBXGroup;
			children = (
				23BAC5102D442D49006BD481 /* MockAuthService.swift */,
				2301D67C2D4A44850032B5DF /* MockMedicineService.swift */,
			);
			path = Mocks;
			sourceTree = "<group>";
		};
		53E0D88A2C06084700DE1134 = {
			isa = PBXGroup;
			children = (
				53E0D8952C06084700DE1134 /* MediStock */,
				23FD05682D440E490089DB5C /* MediStockTests */,
				237E0A6E2D2FFE4500EEC056 /* Frameworks */,
				23BAC5142D443117006BD481 /* pack.app */,
				23FC3B052D4773D7005A2C34 /* MediStockTests.xctest */,
			);
			sourceTree = "<group>";
		};
		53E0D8952C06084700DE1134 /* MediStock */ = {
			isa = PBXGroup;
			children = (
				53E0D8E32C0660FD00DE1134 /* GoogleService-Info.plist */,
				23F6C9962D2FBCF700CD0A42 /* Model */,
				23F6C9982D2FBD3000CD0A42 /* View */,
				23F6C9972D2FBD1300CD0A42 /* ViewModel */,
				53E0D8962C06084700DE1134 /* MediStockApp.swift */,
				53E0D8E12C065FFE00DE1134 /* AppDelegate.swift */,
				53E0D89C2C06084900DE1134 /* Preview Content */,
			);
			path = MediStock;
			sourceTree = "<group>";
		};
		53E0D89C2C06084900DE1134 /* Preview Content */ = {
			isa = PBXGroup;
			children = (
				53E0D89A2C06084900DE1134 /* Assets.xcassets */,
				53E0D89D2C06084900DE1134 /* Preview Assets.xcassets */,
			);
			path = "Preview Content";
			sourceTree = "<group>";
		};
/* End PBXGroup section */

/* Begin PBXNativeTarget section */
		23FD05662D440E480089DB5C /* MediStockTests */ = {
			isa = PBXNativeTarget;
			buildConfigurationList = 23FD056D2D440E490089DB5C /* Build configuration list for PBXNativeTarget "MediStockTests" */;
			buildPhases = (
				23FD05632D440E480089DB5C /* Sources */,
				23FD05642D440E480089DB5C /* Frameworks */,
				23FD05652D440E480089DB5C /* Resources */,
			);
			buildRules = (
			);
			dependencies = (
				23FD056C2D440E490089DB5C /* PBXTargetDependency */,
			);
			name = MediStockTests;
			packageProductDependencies = (
				23FC3B062D478461005A2C34 /* FirebaseFirestore */,
				23FC3B082D4784CD005A2C34 /* FirebaseAuth */,
			);
			productName = MediStockTests;
			productReference = 23FC3B052D4773D7005A2C34 /* MediStockTests.xctest */;
			productType = "com.apple.product-type.bundle.unit-test";
		};
		53E0D8922C06084700DE1134 /* pack */ = {
			isa = PBXNativeTarget;
			buildConfigurationList = 53E0D8B72C06084900DE1134 /* Build configuration list for PBXNativeTarget "pack" */;
			buildPhases = (
				53E0D88F2C06084700DE1134 /* Sources */,
				53E0D8902C06084700DE1134 /* Frameworks */,
				53E0D8912C06084700DE1134 /* Resources */,
			);
			buildRules = (
			);
			dependencies = (
			);
			name = pack;
			packageProductDependencies = (
				237E0A6F2D2FFE4500EEC056 /* FirebaseAnalytics */,
				237E0A712D2FFE4500EEC056 /* FirebaseAnalyticsOnDeviceConversion */,
				237E0A732D2FFE4500EEC056 /* FirebaseAnalyticsSwift */,
				237E0A752D2FFE4500EEC056 /* FirebaseAuth */,
				237E0A772D2FFE4600EEC056 /* FirebaseAuthCombine-Community */,
				237E0A792D2FFE4600EEC056 /* FirebaseCrashlytics */,
				237E0A7B2D2FFE4600EEC056 /* FirebaseDatabase */,
				237E0A7D2D2FFE4600EEC056 /* FirebaseDatabaseSwift */,
				237E0A7F2D2FFE4600EEC056 /* FirebaseFirestore */,
				237E0A812D2FFE4600EEC056 /* FirebaseFirestoreCombine-Community */,
				237E0A832D2FFE4600EEC056 /* FirebaseFirestoreSwift */,
			);
			productName = MediStock;
			productReference = 23BAC5142D443117006BD481 /* pack.app */;
			productType = "com.apple.product-type.application";
		};
/* End PBXNativeTarget section */

/* Begin PBXProject section */
		53E0D88B2C06084700DE1134 /* Project object */ = {
			isa = PBXProject;
			attributes = {
				BuildIndependentTargetsInParallel = 1;
				LastSwiftUpdateCheck = 1420;
				LastUpgradeCheck = 1540;
				TargetAttributes = {
					23FD05662D440E480089DB5C = {
						CreatedOnToolsVersion = 14.2;
						TestTargetID = 53E0D8922C06084700DE1134;
					};
					53E0D8922C06084700DE1134 = {
						CreatedOnToolsVersion = 15.4;
					};
				};
			};
			buildConfigurationList = 53E0D88E2C06084700DE1134 /* Build configuration list for PBXProject "MediStock" */;
			compatibilityVersion = "Xcode 14.0";
			developmentRegion = en;
			hasScannedForEncodings = 0;
			knownRegions = (
				en,
				Base,
			);
			mainGroup = 53E0D88A2C06084700DE1134;
			packageReferences = (
				23F6C99A2D2FC12A00CD0A42 /* XCRemoteSwiftPackageReference "firebase-ios-sdk" */,
			);
			productRefGroup = 53E0D88A2C06084700DE1134;
			projectDirPath = "";
			projectRoot = "";
			targets = (
				53E0D8922C06084700DE1134 /* pack */,
				23FD05662D440E480089DB5C /* MediStockTests */,
			);
		};
/* End PBXProject section */

/* Begin PBXResourcesBuildPhase section */
		23FD05652D440E480089DB5C /* Resources */ = {
			isa = PBXResourcesBuildPhase;
			buildActionMask = 2147483647;
			files = (
			);
			runOnlyForDeploymentPostprocessing = 0;
		};
		53E0D8912C06084700DE1134 /* Resources */ = {
			isa = PBXResourcesBuildPhase;
			buildActionMask = 2147483647;
			files = (
				53E0D89E2C06084900DE1134 /* Preview Assets.xcassets in Resources */,
				53E0D89B2C06084900DE1134 /* Assets.xcassets in Resources */,
				53E0D8E42C0660FD00DE1134 /* GoogleService-Info.plist in Resources */,
			);
			runOnlyForDeploymentPostprocessing = 0;
		};
/* End PBXResourcesBuildPhase section */

/* Begin PBXSourcesBuildPhase section */
		23FD05632D440E480089DB5C /* Sources */ = {
			isa = PBXSourcesBuildPhase;
			buildActionMask = 2147483647;
			files = (
				2301D67B2D4A444C0032B5DF /* MedicineRepositoryTests.swift in Sources */,
				2301D67D2D4A44850032B5DF /* MockMedicineService.swift in Sources */,
				23BAC50D2D442059006BD481 /* SessionStoreTests.swift in Sources */,
				23BAC5112D442D49006BD481 /* MockAuthService.swift in Sources */,
			);
			runOnlyForDeploymentPostprocessing = 0;
		};
		53E0D88F2C06084700DE1134 /* Sources */ = {
			isa = PBXSourcesBuildPhase;
			buildActionMask = 2147483647;
			files = (
				230B004D2D38201F0037E537 /* Profile.swift in Sources */,
				23FD055D2D43C5A80089DB5C /* FirebaseAuthService.swift in Sources */,
				53E0D8E22C065FFE00DE1134 /* AppDelegate.swift in Sources */,
				237E0A8B2D30320700EEC056 /* MedicineRepository.swift in Sources */,
				53E0D8D82C06097900DE1134 /* LoginView.swift in Sources */,
				53E0D8EA2C066F7A00DE1134 /* HistoryEntry.swift in Sources */,
				53E0D8E02C0609B900DE1134 /* SessionStore.swift in Sources */,
				53E0D8DE2C0609A800DE1134 /* MedicineStockViewModel.swift in Sources */,
				23FD055A2D43C2A20089DB5C /* AuthServiceProtocol.swift in Sources */,
				237E0A892D300FBB00EEC056 /* AuthViewModel.swift in Sources */,
				53E0D8992C06084700DE1134 /* AuthenticationManagerView.swift in Sources */,
				237E0A872D300A4F00EEC056 /* User.swift in Sources */,
				53E0D8DC2C06099C00DE1134 /* Medicine.swift in Sources */,
				53E0D8DA2C06098F00DE1134 /* MedicineListView.swift in Sources */,
				53E0D8E62C066F4100DE1134 /* AisleListView.swift in Sources */,
				2301D6792D4A3DE60032B5DF /* FirestoreServiceProtocol {.swift in Sources */,
				53E0D8972C06084700DE1134 /* MediStockApp.swift in Sources */,
				53E0D8E82C066F6500DE1134 /* MedicineDetailView.swift in Sources */,
				2301D6772D4A3A570032B5DF /* MedicineServiceProtocol.swift in Sources */,
				53E0D8EE2C06718100DE1134 /* AllMedicinesView.swift in Sources */,
				53E0D8EC2C06717200DE1134 /* MainTabView.swift in Sources */,
				230CD2032D4BBBCA009C3F05 /* ExtensionFirestore.swift in Sources */,
			);
			runOnlyForDeploymentPostprocessing = 0;
		};
/* End PBXSourcesBuildPhase section */

/* Begin PBXTargetDependency section */
		23FD056C2D440E490089DB5C /* PBXTargetDependency */ = {
			isa = PBXTargetDependency;
			target = 53E0D8922C06084700DE1134 /* pack */;
			targetProxy = 23FD056B2D440E490089DB5C /* PBXContainerItemProxy */;
		};
/* End PBXTargetDependency section */

/* Begin XCBuildConfiguration section */
		23FD056E2D440E490089DB5C /* Debug */ = {
			isa = XCBuildConfiguration;
			buildSettings = {
				BUNDLE_LOADER = "$(TEST_HOST)";
				CODE_SIGN_STYLE = Automatic;
				CURRENT_PROJECT_VERSION = 1;
				DEVELOPMENT_TEAM = 99UMC25BBL;
				GCC_C_LANGUAGE_STANDARD = gnu11;
				GENERATE_INFOPLIST_FILE = YES;
				MARKETING_VERSION = 1.0;
				PRODUCT_BUNDLE_IDENTIFIER = Eventorias.MediStockTests;
				PRODUCT_NAME = "$(TARGET_NAME)";
				SWIFT_ACTIVE_COMPILATION_CONDITIONS = DEBUG;
				SWIFT_EMIT_LOC_STRINGS = NO;
				SWIFT_VERSION = 5.0;
				TARGETED_DEVICE_FAMILY = "1,2";
				TEST_HOST = "$(BUILT_PRODUCTS_DIR)/pack.app/$(BUNDLE_EXECUTABLE_FOLDER_PATH)/pack";
			};
			name = Debug;
		};
		23FD056F2D440E490089DB5C /* Release */ = {
			isa = XCBuildConfiguration;
			buildSettings = {
				BUNDLE_LOADER = "$(TEST_HOST)";
				CODE_SIGN_STYLE = Automatic;
				CURRENT_PROJECT_VERSION = 1;
				DEVELOPMENT_TEAM = 99UMC25BBL;
				GCC_C_LANGUAGE_STANDARD = gnu11;
				GENERATE_INFOPLIST_FILE = YES;
				MARKETING_VERSION = 1.0;
				PRODUCT_BUNDLE_IDENTIFIER = Eventorias.MediStockTests;
				PRODUCT_NAME = "$(TARGET_NAME)";
				SWIFT_EMIT_LOC_STRINGS = NO;
				SWIFT_OPTIMIZATION_LEVEL = "-O";
				SWIFT_VERSION = 5.0;
				TARGETED_DEVICE_FAMILY = "1,2";
				TEST_HOST = "$(BUILT_PRODUCTS_DIR)/pack.app/$(BUNDLE_EXECUTABLE_FOLDER_PATH)/pack";
			};
			name = Release;
		};
		53E0D8B52C06084900DE1134 /* Debug */ = {
			isa = XCBuildConfiguration;
			buildSettings = {
				ALWAYS_SEARCH_USER_PATHS = NO;
				ASSETCATALOG_COMPILER_GENERATE_SWIFT_ASSET_SYMBOL_EXTENSIONS = YES;
				CLANG_ANALYZER_NONNULL = YES;
				CLANG_ANALYZER_NUMBER_OBJECT_CONVERSION = YES_AGGRESSIVE;
				CLANG_CXX_LANGUAGE_STANDARD = "gnu++20";
				CLANG_ENABLE_MODULES = YES;
				CLANG_ENABLE_OBJC_ARC = YES;
				CLANG_ENABLE_OBJC_WEAK = YES;
				CLANG_WARN_BLOCK_CAPTURE_AUTORELEASING = YES;
				CLANG_WARN_BOOL_CONVERSION = YES;
				CLANG_WARN_COMMA = YES;
				CLANG_WARN_CONSTANT_CONVERSION = YES;
				CLANG_WARN_DEPRECATED_OBJC_IMPLEMENTATIONS = YES;
				CLANG_WARN_DIRECT_OBJC_ISA_USAGE = YES_ERROR;
				CLANG_WARN_DOCUMENTATION_COMMENTS = YES;
				CLANG_WARN_EMPTY_BODY = YES;
				CLANG_WARN_ENUM_CONVERSION = YES;
				CLANG_WARN_INFINITE_RECURSION = YES;
				CLANG_WARN_INT_CONVERSION = YES;
				CLANG_WARN_NON_LITERAL_NULL_CONVERSION = YES;
				CLANG_WARN_OBJC_IMPLICIT_RETAIN_SELF = YES;
				CLANG_WARN_OBJC_LITERAL_CONVERSION = YES;
				CLANG_WARN_OBJC_ROOT_CLASS = YES_ERROR;
				CLANG_WARN_QUOTED_INCLUDE_IN_FRAMEWORK_HEADER = YES;
				CLANG_WARN_RANGE_LOOP_ANALYSIS = YES;
				CLANG_WARN_STRICT_PROTOTYPES = YES;
				CLANG_WARN_SUSPICIOUS_MOVE = YES;
				CLANG_WARN_UNGUARDED_AVAILABILITY = YES_AGGRESSIVE;
				CLANG_WARN_UNREACHABLE_CODE = YES;
				CLANG_WARN__DUPLICATE_METHOD_MATCH = YES;
				COPY_PHASE_STRIP = NO;
				DEBUG_INFORMATION_FORMAT = dwarf;
				ENABLE_STRICT_OBJC_MSGSEND = YES;
				ENABLE_TESTABILITY = YES;
				ENABLE_USER_SCRIPT_SANDBOXING = YES;
				GCC_C_LANGUAGE_STANDARD = gnu17;
				GCC_DYNAMIC_NO_PIC = NO;
				GCC_NO_COMMON_BLOCKS = YES;
				GCC_OPTIMIZATION_LEVEL = 0;
				GCC_PREPROCESSOR_DEFINITIONS = (
					"DEBUG=1",
					"$(inherited)",
				);
				GCC_WARN_64_TO_32_BIT_CONVERSION = YES;
				GCC_WARN_ABOUT_RETURN_TYPE = YES_ERROR;
				GCC_WARN_UNDECLARED_SELECTOR = YES;
				GCC_WARN_UNINITIALIZED_AUTOS = YES_AGGRESSIVE;
				GCC_WARN_UNUSED_FUNCTION = YES;
				GCC_WARN_UNUSED_VARIABLE = YES;
				IPHONEOS_DEPLOYMENT_TARGET = 16.2;
				LOCALIZATION_PREFERS_STRING_CATALOGS = YES;
				MTL_ENABLE_DEBUG_INFO = INCLUDE_SOURCE;
				MTL_FAST_MATH = YES;
				ONLY_ACTIVE_ARCH = YES;
				SDKROOT = iphoneos;
				SWIFT_ACTIVE_COMPILATION_CONDITIONS = "DEBUG $(inherited)";
				SWIFT_OPTIMIZATION_LEVEL = "-Onone";
				SWIFT_VERSION = 5.0;
			};
			name = Debug;
		};
		53E0D8B62C06084900DE1134 /* Release */ = {
			isa = XCBuildConfiguration;
			buildSettings = {
				ALWAYS_SEARCH_USER_PATHS = NO;
				ASSETCATALOG_COMPILER_GENERATE_SWIFT_ASSET_SYMBOL_EXTENSIONS = YES;
				CLANG_ANALYZER_NONNULL = YES;
				CLANG_ANALYZER_NUMBER_OBJECT_CONVERSION = YES_AGGRESSIVE;
				CLANG_CXX_LANGUAGE_STANDARD = "gnu++20";
				CLANG_ENABLE_MODULES = YES;
				CLANG_ENABLE_OBJC_ARC = YES;
				CLANG_ENABLE_OBJC_WEAK = YES;
				CLANG_WARN_BLOCK_CAPTURE_AUTORELEASING = YES;
				CLANG_WARN_BOOL_CONVERSION = YES;
				CLANG_WARN_COMMA = YES;
				CLANG_WARN_CONSTANT_CONVERSION = YES;
				CLANG_WARN_DEPRECATED_OBJC_IMPLEMENTATIONS = YES;
				CLANG_WARN_DIRECT_OBJC_ISA_USAGE = YES_ERROR;
				CLANG_WARN_DOCUMENTATION_COMMENTS = YES;
				CLANG_WARN_EMPTY_BODY = YES;
				CLANG_WARN_ENUM_CONVERSION = YES;
				CLANG_WARN_INFINITE_RECURSION = YES;
				CLANG_WARN_INT_CONVERSION = YES;
				CLANG_WARN_NON_LITERAL_NULL_CONVERSION = YES;
				CLANG_WARN_OBJC_IMPLICIT_RETAIN_SELF = YES;
				CLANG_WARN_OBJC_LITERAL_CONVERSION = YES;
				CLANG_WARN_OBJC_ROOT_CLASS = YES_ERROR;
				CLANG_WARN_QUOTED_INCLUDE_IN_FRAMEWORK_HEADER = YES;
				CLANG_WARN_RANGE_LOOP_ANALYSIS = YES;
				CLANG_WARN_STRICT_PROTOTYPES = YES;
				CLANG_WARN_SUSPICIOUS_MOVE = YES;
				CLANG_WARN_UNGUARDED_AVAILABILITY = YES_AGGRESSIVE;
				CLANG_WARN_UNREACHABLE_CODE = YES;
				CLANG_WARN__DUPLICATE_METHOD_MATCH = YES;
				COPY_PHASE_STRIP = NO;
				DEBUG_INFORMATION_FORMAT = "dwarf-with-dsym";
				ENABLE_NS_ASSERTIONS = NO;
				ENABLE_STRICT_OBJC_MSGSEND = YES;
				ENABLE_USER_SCRIPT_SANDBOXING = YES;
				GCC_C_LANGUAGE_STANDARD = gnu17;
				GCC_NO_COMMON_BLOCKS = YES;
				GCC_WARN_64_TO_32_BIT_CONVERSION = YES;
				GCC_WARN_ABOUT_RETURN_TYPE = YES_ERROR;
				GCC_WARN_UNDECLARED_SELECTOR = YES;
				GCC_WARN_UNINITIALIZED_AUTOS = YES_AGGRESSIVE;
				GCC_WARN_UNUSED_FUNCTION = YES;
				GCC_WARN_UNUSED_VARIABLE = YES;
				IPHONEOS_DEPLOYMENT_TARGET = 16.2;
				LOCALIZATION_PREFERS_STRING_CATALOGS = YES;
				MTL_ENABLE_DEBUG_INFO = NO;
				MTL_FAST_MATH = YES;
				SDKROOT = iphoneos;
				SWIFT_COMPILATION_MODE = wholemodule;
				SWIFT_VERSION = 5.0;
				VALIDATE_PRODUCT = YES;
			};
			name = Release;
		};
		53E0D8B82C06084900DE1134 /* Debug */ = {
			isa = XCBuildConfiguration;
			buildSettings = {
				ASSETCATALOG_COMPILER_APPICON_NAME = AppIcon;
				ASSETCATALOG_COMPILER_GLOBAL_ACCENT_COLOR_NAME = AccentColor;
				CODE_SIGN_STYLE = Automatic;
				CURRENT_PROJECT_VERSION = 1;
				DEVELOPMENT_ASSET_PATHS = "\"MediStock/Preview Content\"";
				DEVELOPMENT_TEAM = 99UMC25BBL;
				ENABLE_PREVIEWS = YES;
				GENERATE_INFOPLIST_FILE = YES;
				INFOPLIST_KEY_UIApplicationSceneManifest_Generation = YES;
				INFOPLIST_KEY_UIApplicationSupportsIndirectInputEvents = YES;
				INFOPLIST_KEY_UILaunchScreen_Generation = YES;
				INFOPLIST_KEY_UISupportedInterfaceOrientations_iPad = "UIInterfaceOrientationPortrait UIInterfaceOrientationPortraitUpsideDown UIInterfaceOrientationLandscapeLeft UIInterfaceOrientationLandscapeRight";
				INFOPLIST_KEY_UISupportedInterfaceOrientations_iPhone = "UIInterfaceOrientationPortrait UIInterfaceOrientationLandscapeLeft UIInterfaceOrientationLandscapeRight";
				IPHONEOS_DEPLOYMENT_TARGET = 16.2;
				LD_RUNPATH_SEARCH_PATHS = (
					"$(inherited)",
					"@executable_path/Frameworks",
				);
				MARKETING_VERSION = 1.0;
				PRODUCT_BUNDLE_IDENTIFIER = com.rebonnte.MediStock;
				PRODUCT_NAME = "$(TARGET_NAME)";
				SWIFT_EMIT_LOC_STRINGS = YES;
				SWIFT_VERSION = 5.0;
				TARGETED_DEVICE_FAMILY = "1,2";
			};
			name = Debug;
		};
		53E0D8B92C06084900DE1134 /* Release */ = {
			isa = XCBuildConfiguration;
			buildSettings = {
				ASSETCATALOG_COMPILER_APPICON_NAME = AppIcon;
				ASSETCATALOG_COMPILER_GLOBAL_ACCENT_COLOR_NAME = AccentColor;
				CODE_SIGN_STYLE = Automatic;
				CURRENT_PROJECT_VERSION = 1;
				DEVELOPMENT_ASSET_PATHS = "\"MediStock/Preview Content\"";
				DEVELOPMENT_TEAM = 99UMC25BBL;
				ENABLE_PREVIEWS = YES;
				GENERATE_INFOPLIST_FILE = YES;
				INFOPLIST_KEY_UIApplicationSceneManifest_Generation = YES;
				INFOPLIST_KEY_UIApplicationSupportsIndirectInputEvents = YES;
				INFOPLIST_KEY_UILaunchScreen_Generation = YES;
				INFOPLIST_KEY_UISupportedInterfaceOrientations_iPad = "UIInterfaceOrientationPortrait UIInterfaceOrientationPortraitUpsideDown UIInterfaceOrientationLandscapeLeft UIInterfaceOrientationLandscapeRight";
				INFOPLIST_KEY_UISupportedInterfaceOrientations_iPhone = "UIInterfaceOrientationPortrait UIInterfaceOrientationLandscapeLeft UIInterfaceOrientationLandscapeRight";
				IPHONEOS_DEPLOYMENT_TARGET = 16.2;
				LD_RUNPATH_SEARCH_PATHS = (
					"$(inherited)",
					"@executable_path/Frameworks",
				);
				MARKETING_VERSION = 1.0;
				PRODUCT_BUNDLE_IDENTIFIER = com.rebonnte.MediStock;
				PRODUCT_NAME = "$(TARGET_NAME)";
				SWIFT_EMIT_LOC_STRINGS = YES;
				SWIFT_VERSION = 5.0;
				TARGETED_DEVICE_FAMILY = "1,2";
			};
			name = Release;
		};
/* End XCBuildConfiguration section */

/* Begin XCConfigurationList section */
		23FD056D2D440E490089DB5C /* Build configuration list for PBXNativeTarget "MediStockTests" */ = {
			isa = XCConfigurationList;
			buildConfigurations = (
				23FD056E2D440E490089DB5C /* Debug */,
				23FD056F2D440E490089DB5C /* Release */,
			);
			defaultConfigurationIsVisible = 0;
			defaultConfigurationName = Release;
		};
		53E0D88E2C06084700DE1134 /* Build configuration list for PBXProject "MediStock" */ = {
			isa = XCConfigurationList;
			buildConfigurations = (
				53E0D8B52C06084900DE1134 /* Debug */,
				53E0D8B62C06084900DE1134 /* Release */,
			);
			defaultConfigurationIsVisible = 0;
			defaultConfigurationName = Release;
		};
		53E0D8B72C06084900DE1134 /* Build configuration list for PBXNativeTarget "pack" */ = {
			isa = XCConfigurationList;
			buildConfigurations = (
				53E0D8B82C06084900DE1134 /* Debug */,
				53E0D8B92C06084900DE1134 /* Release */,
			);
			defaultConfigurationIsVisible = 0;
			defaultConfigurationName = Release;
		};
/* End XCConfigurationList section */

/* Begin XCRemoteSwiftPackageReference section */
		23F6C99A2D2FC12A00CD0A42 /* XCRemoteSwiftPackageReference "firebase-ios-sdk" */ = {
			isa = XCRemoteSwiftPackageReference;
			repositoryURL = "https://github.com/firebase/firebase-ios-sdk.git";
			requirement = {
				kind = upToNextMajorVersion;
				minimumVersion = 9.0.0;
			};
		};
/* End XCRemoteSwiftPackageReference section */

/* Begin XCSwiftPackageProductDependency section */
		237E0A6F2D2FFE4500EEC056 /* FirebaseAnalytics */ = {
			isa = XCSwiftPackageProductDependency;
			package = 23F6C99A2D2FC12A00CD0A42 /* XCRemoteSwiftPackageReference "firebase-ios-sdk" */;
			productName = FirebaseAnalytics;
		};
		237E0A712D2FFE4500EEC056 /* FirebaseAnalyticsOnDeviceConversion */ = {
			isa = XCSwiftPackageProductDependency;
			package = 23F6C99A2D2FC12A00CD0A42 /* XCRemoteSwiftPackageReference "firebase-ios-sdk" */;
			productName = FirebaseAnalyticsOnDeviceConversion;
		};
		237E0A732D2FFE4500EEC056 /* FirebaseAnalyticsSwift */ = {
			isa = XCSwiftPackageProductDependency;
			package = 23F6C99A2D2FC12A00CD0A42 /* XCRemoteSwiftPackageReference "firebase-ios-sdk" */;
			productName = FirebaseAnalyticsSwift;
		};
		237E0A752D2FFE4500EEC056 /* FirebaseAuth */ = {
			isa = XCSwiftPackageProductDependency;
			package = 23F6C99A2D2FC12A00CD0A42 /* XCRemoteSwiftPackageReference "firebase-ios-sdk" */;
			productName = FirebaseAuth;
		};
		237E0A772D2FFE4600EEC056 /* FirebaseAuthCombine-Community */ = {
			isa = XCSwiftPackageProductDependency;
			package = 23F6C99A2D2FC12A00CD0A42 /* XCRemoteSwiftPackageReference "firebase-ios-sdk" */;
			productName = "FirebaseAuthCombine-Community";
		};
		237E0A792D2FFE4600EEC056 /* FirebaseCrashlytics */ = {
			isa = XCSwiftPackageProductDependency;
			package = 23F6C99A2D2FC12A00CD0A42 /* XCRemoteSwiftPackageReference "firebase-ios-sdk" */;
			productName = FirebaseCrashlytics;
		};
		237E0A7B2D2FFE4600EEC056 /* FirebaseDatabase */ = {
			isa = XCSwiftPackageProductDependency;
			package = 23F6C99A2D2FC12A00CD0A42 /* XCRemoteSwiftPackageReference "firebase-ios-sdk" */;
			productName = FirebaseDatabase;
		};
		237E0A7D2D2FFE4600EEC056 /* FirebaseDatabaseSwift */ = {
			isa = XCSwiftPackageProductDependency;
			package = 23F6C99A2D2FC12A00CD0A42 /* XCRemoteSwiftPackageReference "firebase-ios-sdk" */;
			productName = FirebaseDatabaseSwift;
		};
		237E0A7F2D2FFE4600EEC056 /* FirebaseFirestore */ = {
			isa = XCSwiftPackageProductDependency;
			package = 23F6C99A2D2FC12A00CD0A42 /* XCRemoteSwiftPackageReference "firebase-ios-sdk" */;
			productName = FirebaseFirestore;
		};
		237E0A812D2FFE4600EEC056 /* FirebaseFirestoreCombine-Community */ = {
			isa = XCSwiftPackageProductDependency;
			package = 23F6C99A2D2FC12A00CD0A42 /* XCRemoteSwiftPackageReference "firebase-ios-sdk" */;
			productName = "FirebaseFirestoreCombine-Community";
		};
		237E0A832D2FFE4600EEC056 /* FirebaseFirestoreSwift */ = {
			isa = XCSwiftPackageProductDependency;
			package = 23F6C99A2D2FC12A00CD0A42 /* XCRemoteSwiftPackageReference "firebase-ios-sdk" */;
			productName = FirebaseFirestoreSwift;
		};
		23FC3B062D478461005A2C34 /* FirebaseFirestore */ = {
			isa = XCSwiftPackageProductDependency;
			package = 23F6C99A2D2FC12A00CD0A42 /* XCRemoteSwiftPackageReference "firebase-ios-sdk" */;
			productName = FirebaseFirestore;
		};
		23FC3B082D4784CD005A2C34 /* FirebaseAuth */ = {
			isa = XCSwiftPackageProductDependency;
			package = 23F6C99A2D2FC12A00CD0A42 /* XCRemoteSwiftPackageReference "firebase-ios-sdk" */;
			productName = FirebaseAuth;
		};
/* End XCSwiftPackageProductDependency section */
	};
	rootObject = 53E0D88B2C06084700DE1134 /* Project object */;
}
